version = 1
revision = 3
requires-python = ">=3.11"

[manifest]
requirements = [{ name = "skills-ref", specifier = "==0.1.1" }]

[[package]]
name = "click"
version = "8.5.0"
source = { registry = "https://pypi.org/simple" }
sdist = { url = "https://files.pythonhosted.org/packages/c7/0e/7fa0ef50764b67090eca4114772a2abf8b6148198475e54c660b97caeee6/click-8.5.0.tar.gz", hash = "sha256:ba0d2089de75ea0310e2dde03160e6ca10009947fb95a182f9b54021bb272e34", size = 382235, upload-time = "2026-08-26T13:33:14.56Z" }
wheels = [
    { url = "https://files.pythonhosted.org/packages/58/50/6c0d534c5f134586a8e1ba4e330569e32f057e33372ae556463212fb4cd3/click-8.5.0-py3-none-any.whl", hash = "sha256:255bc9599cf7748b4b1a446ccc735421bd08a2ae529a8b88597d3de5664ee360", size = 125251, upload-time = "2026-08-26T13:33:12.928Z" },
]

[[package]]
name = "python-dateutil"
version = "2.9.0.post0"
source = { registry = "https://pypi.org/simple" }
dependencies = [
    { name = "six" },
]
sdist = { url = "https://files.pythonhosted.org/packages/66/c0/0c8b6ad9f17a802ee498c46e004a0eb49bc148f2fd230864601a86dcf6db/python-dateutil-2.9.0.post0.tar.gz", hash = "sha256:37dd54208da7e1cd875388217d5e00ebd4179249f90fb72437e91a35459a0ad3", size = 342432, upload-time = "2024-03-01T18:36:20.211Z" }
wheels = [
    { url = "https://files.pythonhosted.org/packages/ec/57/56b9bcc3c9c6a792fcbaf139543cee77261f3651ca9da0c93f5c1221264b/python_dateutil-2.9.0.post0-py2.py3-none-any.whl", hash = "sha256:a8b2bc7bffae282281c8140a97d3aa9c14da0b136dfe83f850eea9a5f7470427", size = 229892, upload-time = "2024-03-01T18:36:18.57Z" },
]

[[package]]
name = "six"
version = "1.17.0"
source = { registry = "https://pypi.org/simple" }
sdist = { url = "https://files.pythonhosted.org/packages/94/e7/b2c673351809dca68a0e064b6af791aa332cf192da575fd474ed7d6f16a2/six-1.17.0.tar.gz", hash = "sha256:ff70335d468e7eb6ec65b95b99d3a2836546063f63acc5171de367e834932a81", size = 34031, upload-time = "2024-12-04T17:35:28.174Z" }
wheels = [
    { url = "https://files.pythonhosted.org/packages/b7/ce/149a00dd41f10bc29e5921b496af8b574d8413afcd5e30dfa0ed46c2cc5e/six-1.17.0-py2.py3-none-any.whl", hash = "sha256:4721f391ed90541fddacab5acf947aa0d3dc7d27b2e1e8eda2be8970586c3274", size = 11050, upload-time = "2024-12-04T17:35:26.475Z" },
]

[[package]]
name = "skills-ref"
version = "0.1.1"
source = { registry = "https://pypi.org/simple" }
dependencies = [
    { name = "click" },
    { name = "strictyaml" },
]
sdist = { url = "https://files.pythonhosted.org/packages/23/42/943d3ba8b097af7068b7178563a5062ad8a977982f4a7b4f67facfc575e9/skills_ref-0.1.1.tar.gz", hash = "sha256:6b400ca6e0049be62dca0167ff943ba2745fd67efb37fbba4d0ee341fccd2695", size = 93519, upload-time = "2026-01-10T13:23:41.423Z" }
wheels = [
    { url = "https://files.pythonhosted.org/packages/af/25/36a43c3a61fb6cc3984e6ad5e556929b8ae71c95eba615dae4cf2f427964/skills_ref-0.1.1-py3-none-any.whl", hash = "sha256:d35db5bb8de71ae301daf5ca9cb71f8a555e8c6f83a6d40e46a5bc09f8f461b5", size = 12918, upload-time = "2026-01-10T13:23:40.106Z" },
]

[[package]]
name = "strictyaml"
version = "1.7.3"
source = { registry = "https://pypi.org/simple" }
dependencies = [
    { name = "python-dateutil" },
]
sdist = { url = "https://files.pythonhosted.org/packages/b3/08/efd28d49162ce89c2ad61a88bd80e11fb77bc9f6c145402589112d38f8af/strictyaml-1.7.3.tar.gz", hash = "sha256:22f854a5fcab42b5ddba8030a0e4be51ca89af0267961c8d6cfa86395586c407", size = 115206, upload-time = "2023-03-10T12:50:27.062Z" }
wheels = [
    { url = "https://files.pythonhosted.org/packages/96/7c/a81ef5ef10978dd073a854e0fa93b5d8021d0594b639cc8f6453c3c78a1d/strictyaml-1.7.3-py3-none-any.whl", hash = "sha256:fb5c8a4edb43bebb765959e420f9b3978d7f1af88c80606c03fb420888f5d1c7", size = 123917, upload-time = "2023-03-10T12:50:17.242Z" },
]
